{
  "nodes": {
    "hardware": {
      "locked": {
        "lastModified": 1633793047,
        "narHash": "sha256-XSMlHMVPKwcEqyHGdFj/ZeGMeZeKNwVExOfLlxcg4oE=",
        "owner": "nixos",
        "repo": "nixos-hardware",
        "rev": "3aabf78bfcae62f5f99474f2ebbbe418f1c6e54f",
        "type": "github"
      },
      "original": {
        "owner": "nixos",
        "repo": "nixos-hardware",
        "type": "github"
      }
    },
    "home-manager": {
      "inputs": {
        "nixpkgs": [
          "nixpkgs"
        ]
      },
      "locked": {
        "lastModified": 1633733120,
        "narHash": "sha256-IdUgCn7eud2he4LWZpzFPf1D2u+mjZC09mvo3oSNoss=",
        "owner": "nix-community",
        "repo": "home-manager",
        "rev": "32285d8fe64138a41f1caed23d94f28529ea4eb4",
        "type": "github"
      },
      "original": {
        "owner": "nix-community",
        "repo": "home-manager",
        "type": "github"
      }
    },
    "impermanence": {
      "locked": {
        "lastModified": 1630511294,
        "narHash": "sha256-Rb0YwHkH1XoGR/2MXXMsgS9EvQwlwcyRB6mImfj0vgo=",
        "owner": "RiscadoA",
        "repo": "impermanence",
        "rev": "80fc82343acff2cf040c16d2a71fccb1f270ccc4",
        "type": "github"
      },
      "original": {
        "owner": "RiscadoA",
        "repo": "impermanence",
        "type": "github"
      }
    },
    "nix-colors": {
      "locked": {
        "lastModified": 1633318162,
        "narHash": "sha256-rr6BMT4o66KWU9yXVv9W/yB/zMCVZC+zb4OvRftc/h8=",
        "owner": "misterio77",
        "repo": "nix-colors",
        "rev": "182b4b8709b8ffe4e9774a4c5d6877bf6bb9a21c",
        "type": "github"
      },
      "original": {
        "owner": "misterio77",
        "repo": "nix-colors",
        "type": "github"
      }
    },
    "nixpkgs": {
      "locked": {
        "lastModified": 1633434270,
        "narHash": "sha256-9DgBIpBtl3ynRGA03zNaySX9f5UKarbCMA5iMbEvuf0=",
        "owner": "nixos",
        "repo": "nixpkgs",
        "rev": "f048b1401f8246c4a8841d15190ebe7c8f15941a",
        "type": "github"
      },
      "original": {
        "owner": "nixos",
        "repo": "nixpkgs",
        "rev": "f048b1401f8246c4a8841d15190ebe7c8f15941a",
        "type": "github"
      }
    },
    "nur": {
      "locked": {
        "lastModified": 1633916170,
        "narHash": "sha256-5OWtrcaf9++yjXgbcaS4RVJRXD+CcosLlgCyD8ZbwC4=",
        "owner": "nix-community",
        "repo": "NUR",
        "rev": "36834de4230f1b1d76303de44b9d3c9b06745d1c",
        "type": "github"
      },
      "original": {
        "owner": "nix-community",
        "repo": "NUR",
        "type": "github"
      }
    },
    "root": {
      "inputs": {
        "hardware": "hardware",
        "home-manager": "home-manager",
        "impermanence": "impermanence",
        "nix-colors": "nix-colors",
        "nixpkgs": "nixpkgs",
        "nur": "nur"
      }
    }
  },
  "root": "root",
  "version": 7
}
